
Microsoft Visual Studio Solution File, Format Version 12.00
# Visual Studio Version 17
VisualStudioVersion = 17.8.34330.188
MinimumVisualStudioVersion = 10.0.40219.1
Project("{FAE04EC0-301F-11D3-BF4B-00C04F79EFBC}") = "VSSearchHelper", "VSSearchHelper.csproj", "{268E819C-A34F-441E-8551-C6FFD2EFA537}"
EndProject
Global
	GlobalSection(SolutionConfigurationPlatforms) = preSolution
		Debug|Any CPU = Debug|Any CPU
		Release|Any CPU = Release|Any CPU
	EndGlobalSection
	GlobalSection(ProjectConfigurationPlatforms) = postSolution
		{268E819C-A34F-441E-8551-C6FFD2EFA537}.Debug|Any CPU.ActiveCfg = Debug|Any CPU
		{268E819C-A34F-441E-8551-C6FFD2EFA537}.Debug|Any CPU.Build.0 = Debug|Any CPU
		{268E819C-A34F-441E-8551-C6FFD2EFA537}.Release|Any CPU.ActiveCfg = Release|Any CPU
		{268E819C-A34F-441E-8551-C6FFD2EFA537}.Release|Any CPU.Build.0 = Release|Any CPU
	EndGlobalSection
	GlobalSection(SolutionProperties) = preSolution
		HideSolutionNode = FALSE
	EndGlobalSection
	GlobalSection(ExtensibilityGlobals) = postSolution
		SolutionGuid = {2BF9FE45-A910-4C3C-97B4-A29A8FA72569}
	EndGlobalSection
EndGlobal
